// !$*UTF8*$!
{
	archiveVersion = 1;
	classes = {
	};
	objectVersion = 50;
	objects = {

/* Begin PBXBuildFile section */
		C60240302303B0FD00807C8B /* AppDelegate.swift in Sources */ = {isa = PBXBuildFile; fileRef = C602402F2303B0FD00807C8B /* AppDelegate.swift */; };
		C60240352303B0FD00807C8B /* Snake.xcdatamodeld in Sources */ = {isa = PBXBuildFile; fileRef = C60240332303B0FD00807C8B /* Snake.xcdatamodeld */; };
		C60240372303B0FF00807C8B /* Assets.xcassets in Resources */ = {isa = PBXBuildFile; fileRef = C60240362303B0FF00807C8B /* Assets.xcassets */; };
		C602403A2303B0FF00807C8B /* Main.storyboard in Resources */ = {isa = PBXBuildFile; fileRef = C60240382303B0FF00807C8B /* Main.storyboard */; };
		C60240442303B13C00807C8B /* GameView.swift in Sources */ = {isa = PBXBuildFile; fileRef = C60240432303B13C00807C8B /* GameView.swift */; };
		C60240462303B25000807C8B /* GameHandler.swift in Sources */ = {isa = PBXBuildFile; fileRef = C60240452303B25000807C8B /* GameHandler.swift */; };
		C60240482303B27200807C8B /* Engine.swift in Sources */ = {isa = PBXBuildFile; fileRef = C60240472303B27200807C8B /* Engine.swift */; };
		C602404A2303B34D00807C8B /* GameSettings.swift in Sources */ = {isa = PBXBuildFile; fileRef = C60240492303B34D00807C8B /* GameSettings.swift */; };
		C602404C2303B48400807C8B /* Math.swift in Sources */ = {isa = PBXBuildFile; fileRef = C602404B2303B48400807C8B /* Math.swift */; };
		C602404F2303B54100807C8B /* Grid.swift in Sources */ = {isa = PBXBuildFile; fileRef = C602404E2303B54100807C8B /* Grid.swift */; };
		C60240522303B6E100807C8B /* Shaders.metal in Sources */ = {isa = PBXBuildFile; fileRef = C60240512303B6E100807C8B /* Shaders.metal */; };
		C60240542303B6F100807C8B /* ShaderTypes.swift in Sources */ = {isa = PBXBuildFile; fileRef = C60240532303B6F100807C8B /* ShaderTypes.swift */; };
		C6F03DCF2304D57200FE1A07 /* Snake.swift in Sources */ = {isa = PBXBuildFile; fileRef = C6F03DCE2304D57200FE1A07 /* Snake.swift */; };
		C6F03DD42304DAA900FE1A07 /* KeyCodes.swift in Sources */ = {isa = PBXBuildFile; fileRef = C6F03DD12304DAA900FE1A07 /* KeyCodes.swift */; };
		C6F03DD52304DAA900FE1A07 /* Mouse.swift in Sources */ = {isa = PBXBuildFile; fileRef = C6F03DD22304DAA900FE1A07 /* Mouse.swift */; };
		C6F03DD62304DAA900FE1A07 /* Keyboard.swift in Sources */ = {isa = PBXBuildFile; fileRef = C6F03DD32304DAA900FE1A07 /* Keyboard.swift */; };
		C6F03DD82304F94300FE1A07 /* RenderPipelineStates.swift in Sources */ = {isa = PBXBuildFile; fileRef = C6F03DD72304F94300FE1A07 /* RenderPipelineStates.swift */; };
		C6F03DDA2304FC9300FE1A07 /* Meshes.swift in Sources */ = {isa = PBXBuildFile; fileRef = C6F03DD92304FC9300FE1A07 /* Meshes.swift */; };
		C6F03DDC2304FF3600FE1A07 /* Node.swift in Sources */ = {isa = PBXBuildFile; fileRef = C6F03DDB2304FF3600FE1A07 /* Node.swift */; };
		C6F03DDE2304FFC000FE1A07 /* Scene.swift in Sources */ = {isa = PBXBuildFile; fileRef = C6F03DDD2304FFC000FE1A07 /* Scene.swift */; };
/* End PBXBuildFile section */

/* Begin PBXFileReference section */
		C602402C2303B0FD00807C8B /* Snake.app */ = {isa = PBXFileReference; explicitFileType = wrapper.application; includeInIndex = 0; path = Snake.app; sourceTree = BUILT_PRODUCTS_DIR; };
		C602402F2303B0FD00807C8B /* AppDelegate.swift */ = {isa = PBXFileReference; lastKnownFileType = sourcecode.swift; path = AppDelegate.swift; sourceTree = "<group>"; };
		C60240342303B0FD00807C8B /* Snake.xcdatamodel */ = {isa = PBXFileReference; lastKnownFileType = wrapper.xcdatamodel; path = Snake.xcdatamodel; sourceTree = "<group>"; };
		C60240362303B0FF00807C8B /* Assets.xcassets */ = {isa = PBXFileReference; lastKnownFileType = folder.assetcatalog; path = Assets.xcassets; sourceTree = "<group>"; };
		C60240392303B0FF00807C8B /* Base */ = {isa = PBXFileReference; lastKnownFileType = file.storyboard; name = Base; path = Base.lproj/Main.storyboard; sourceTree = "<group>"; };
		C602403B2303B0FF00807C8B /* Info.plist */ = {isa = PBXFileReference; lastKnownFileType = text.plist.xml; path = Info.plist; sourceTree = "<group>"; };
		C602403C2303B0FF00807C8B /* Snake.entitlements */ = {isa = PBXFileReference; lastKnownFileType = text.plist.entitlements; path = Snake.entitlements; sourceTree = "<group>"; };
		C60240432303B13C00807C8B /* GameView.swift */ = {isa = PBXFileReference; lastKnownFileType = sourcecode.swift; path = GameView.swift; sourceTree = "<group>"; };
		C60240452303B25000807C8B /* GameHandler.swift */ = {isa = PBXFileReference; lastKnownFileType = sourcecode.swift; path = GameHandler.swift; sourceTree = "<group>"; };
		C60240472303B27200807C8B /* Engine.swift */ = {isa = PBXFileReference; lastKnownFileType = sourcecode.swift; path = Engine.swift; sourceTree = "<group>"; };
		C60240492303B34D00807C8B /* GameSettings.swift */ = {isa = PBXFileReference; lastKnownFileType = sourcecode.swift; path = GameSettings.swift; sourceTree = "<group>"; };
		C602404B2303B48400807C8B /* Math.swift */ = {isa = PBXFileReference; lastKnownFileType = sourcecode.swift; path = Math.swift; sourceTree = "<group>"; };
		C602404E2303B54100807C8B /* Grid.swift */ = {isa = PBXFileReference; lastKnownFileType = sourcecode.swift; path = Grid.swift; sourceTree = "<group>"; };
		C60240512303B6E100807C8B /* Shaders.metal */ = {isa = PBXFileReference; lastKnownFileType = sourcecode.metal; path = Shaders.metal; sourceTree = "<group>"; };
		C60240532303B6F100807C8B /* ShaderTypes.swift */ = {isa = PBXFileReference; lastKnownFileType = sourcecode.swift; path = ShaderTypes.swift; sourceTree = "<group>"; };
		C6F03DCE2304D57200FE1A07 /* Snake.swift */ = {isa = PBXFileReference; lastKnownFileType = sourcecode.swift; path = Snake.swift; sourceTree = "<group>"; };
		C6F03DD12304DAA900FE1A07 /* KeyCodes.swift */ = {isa = PBXFileReference; fileEncoding = 4; lastKnownFileType = sourcecode.swift; path = KeyCodes.swift; sourceTree = "<group>"; };
		C6F03DD22304DAA900FE1A07 /* Mouse.swift */ = {isa = PBXFileReference; fileEncoding = 4; lastKnownFileType = sourcecode.swift; path = Mouse.swift; sourceTree = "<group>"; };
		C6F03DD32304DAA900FE1A07 /* Keyboard.swift */ = {isa = PBXFileReference; fileEncoding = 4; lastKnownFileType = sourcecode.swift; path = Keyboard.swift; sourceTree = "<group>"; };
		C6F03DD72304F94300FE1A07 /* RenderPipelineStates.swift */ = {isa = PBXFileReference; lastKnownFileType = sourcecode.swift; path = RenderPipelineStates.swift; sourceTree = "<group>"; };
		C6F03DD92304FC9300FE1A07 /* Meshes.swift */ = {isa = PBXFileReference; lastKnownFileType = sourcecode.swift; path = Meshes.swift; sourceTree = "<group>"; };
		C6F03DDB2304FF3600FE1A07 /* Node.swift */ = {isa = PBXFileReference; lastKnownFileType = sourcecode.swift; path = Node.swift; sourceTree = "<group>"; };
		C6F03DDD2304FFC000FE1A07 /* Scene.swift */ = {isa = PBXFileReference; lastKnownFileType = sourcecode.swift; path = Scene.swift; sourceTree = "<group>"; };
/* End PBXFileReference section */

/* Begin PBXFrameworksBuildPhase section */
		C60240292303B0FD00807C8B /* Frameworks */ = {
			isa = PBXFrameworksBuildPhase;
			buildActionMask = 2147483647;
			files = (
			);
			runOnlyForDeploymentPostprocessing = 0;
		};
/* End PBXFrameworksBuildPhase section */

/* Begin PBXGroup section */
		C60240232303B0FD00807C8B = {
			isa = PBXGroup;
			children = (
				C602402E2303B0FD00807C8B /* Snake */,
				C602402D2303B0FD00807C8B /* Products */,
			);
			sourceTree = "<group>";
		};
		C602402D2303B0FD00807C8B /* Products */ = {
			isa = PBXGroup;
			children = (
				C602402C2303B0FD00807C8B /* Snake.app */,
			);
			name = Products;
			sourceTree = "<group>";
		};
		C602402E2303B0FD00807C8B /* Snake */ = {
			isa = PBXGroup;
			children = (
				C60240472303B27200807C8B /* Engine.swift */,
				C60240492303B34D00807C8B /* GameSettings.swift */,
				C6F03DD72304F94300FE1A07 /* RenderPipelineStates.swift */,
				C60240432303B13C00807C8B /* GameView.swift */,
				C60240452303B25000807C8B /* GameHandler.swift */,
				C6F03DD92304FC9300FE1A07 /* Meshes.swift */,
				C6F03DDB2304FF3600FE1A07 /* Node.swift */,
				C6F03DDD2304FFC000FE1A07 /* Scene.swift */,
				C6F03DCE2304D57200FE1A07 /* Snake.swift */,
				C602404E2303B54100807C8B /* Grid.swift */,
				C60240502303B6D200807C8B /* Shaders */,
				C602404D2303B4E500807C8B /* Utils */,
				C6F03DD02304DAA900FE1A07 /* input */,
				C60240422303B10600807C8B /* OtherFiles */,
			);
			path = Snake;
			sourceTree = "<group>";
		};
		C60240422303B10600807C8B /* OtherFiles */ = {
			isa = PBXGroup;
			children = (
				C602402F2303B0FD00807C8B /* AppDelegate.swift */,
				C60240362303B0FF00807C8B /* Assets.xcassets */,
				C60240382303B0FF00807C8B /* Main.storyboard */,
				C602403B2303B0FF00807C8B /* Info.plist */,
				C602403C2303B0FF00807C8B /* Snake.entitlements */,
				C60240332303B0FD00807C8B /* Snake.xcdatamodeld */,
			);
			path = OtherFiles;
			sourceTree = "<group>";
		};
		C602404D2303B4E500807C8B /* Utils */ = {
			isa = PBXGroup;
			children = (
				C602404B2303B48400807C8B /* Math.swift */,
			);
			path = Utils;
			sourceTree = "<group>";
		};
		C60240502303B6D200807C8B /* Shaders */ = {
			isa = PBXGroup;
			children = (
				C60240532303B6F100807C8B /* ShaderTypes.swift */,
				C60240512303B6E100807C8B /* Shaders.metal */,
			);
			path = Shaders;
			sourceTree = "<group>";
		};
		C6F03DD02304DAA900FE1A07 /* input */ = {
			isa = PBXGroup;
			children = (
				C6F03DD12304DAA900FE1A07 /* KeyCodes.swift */,
				C6F03DD22304DAA900FE1A07 /* Mouse.swift */,
				C6F03DD32304DAA900FE1A07 /* Keyboard.swift */,
			);
			path = input;
			sourceTree = "<group>";
		};
/* End PBXGroup section */

/* Begin PBXNativeTarget section */
		C602402B2303B0FD00807C8B /* Snake */ = {
			isa = PBXNativeTarget;
			buildConfigurationList = C602403F2303B0FF00807C8B /* Build configuration list for PBXNativeTarget "Snake" */;
			buildPhases = (
				C60240282303B0FD00807C8B /* Sources */,
				C60240292303B0FD00807C8B /* Frameworks */,
				C602402A2303B0FD00807C8B /* Resources */,
			);
			buildRules = (
			);
			dependencies = (
			);
			name = Snake;
			productName = Snake;
			productReference = C602402C2303B0FD00807C8B /* Snake.app */;
			productType = "com.apple.product-type.application";
		};
/* End PBXNativeTarget section */

/* Begin PBXProject section */
		C60240242303B0FD00807C8B /* Project object */ = {
			isa = PBXProject;
			attributes = {
				LastSwiftUpdateCheck = 1020;
				LastUpgradeCheck = 1020;
				ORGANIZATIONNAME = Tutorials;
				TargetAttributes = {
					C602402B2303B0FD00807C8B = {
						CreatedOnToolsVersion = 10.2.1;
					};
				};
			};
			buildConfigurationList = C60240272303B0FD00807C8B /* Build configuration list for PBXProject "Snake" */;
			compatibilityVersion = "Xcode 9.3";
			developmentRegion = en;
			hasScannedForEncodings = 0;
			knownRegions = (
				en,
				Base,
			);
			mainGroup = C60240232303B0FD00807C8B;
			productRefGroup = C602402D2303B0FD00807C8B /* Products */;
			projectDirPath = "";
			projectRoot = "";
			targets = (
				C602402B2303B0FD00807C8B /* Snake */,
			);
		};
/* End PBXProject section */

/* Begin PBXResourcesBuildPhase section */
		C602402A2303B0FD00807C8B /* Resources */ = {
			isa = PBXResourcesBuildPhase;
			buildActionMask = 2147483647;
			files = (
				C60240372303B0FF00807C8B /* Assets.xcassets in Resources */,
				C602403A2303B0FF00807C8B /* Main.storyboard in Resources */,
			);
			runOnlyForDeploymentPostprocessing = 0;
		};
/* End PBXResourcesBuildPhase section */

/* Begin PBXSourcesBuildPhase section */
		C60240282303B0FD00807C8B /* Sources */ = {
			isa = PBXSourcesBuildPhase;
			buildActionMask = 2147483647;
			files = (
				C6F03DD52304DAA900FE1A07 /* Mouse.swift in Sources */,
				C6F03DD42304DAA900FE1A07 /* KeyCodes.swift in Sources */,
				C6F03DD62304DAA900FE1A07 /* Keyboard.swift in Sources */,
				C60240462303B25000807C8B /* GameHandler.swift in Sources */,
				C60240352303B0FD00807C8B /* Snake.xcdatamodeld in Sources */,
				C602404A2303B34D00807C8B /* GameSettings.swift in Sources */,
				C602404F2303B54100807C8B /* Grid.swift in Sources */,
				C6F03DD82304F94300FE1A07 /* RenderPipelineStates.swift in Sources */,
				C6F03DDE2304FFC000FE1A07 /* Scene.swift in Sources */,
				C602404C2303B48400807C8B /* Math.swift in Sources */,
				C60240442303B13C00807C8B /* GameView.swift in Sources */,
				C6F03DDC2304FF3600FE1A07 /* Node.swift in Sources */,
				C60240542303B6F100807C8B /* ShaderTypes.swift in Sources */,
				C60240522303B6E100807C8B /* Shaders.metal in Sources */,
				C6F03DDA2304FC9300FE1A07 /* Meshes.swift in Sources */,
				C60240302303B0FD00807C8B /* AppDelegate.swift in Sources */,
				C6F03DCF2304D57200FE1A07 /* Snake.swift in Sources */,
				C60240482303B27200807C8B /* Engine.swift in Sources */,
			);
			runOnlyForDeploymentPostprocessing = 0;
		};
/* End PBXSourcesBuildPhase section */

/* Begin PBXVariantGroup section */
		C60240382303B0FF00807C8B /* Main.storyboard */ = {
			isa = PBXVariantGroup;
			children = (
				C60240392303B0FF00807C8B /* Base */,
			);
			name = Main.storyboard;
			sourceTree = "<group>";
		};
/* End PBXVariantGroup section */

/* Begin XCBuildConfiguration section */
		C602403D2303B0FF00807C8B /* Debug */ = {
			isa = XCBuildConfiguration;
			buildSettings = {
				ALWAYS_SEARCH_USER_PATHS = NO;
				CLANG_ANALYZER_NONNULL = YES;
				CLANG_ANALYZER_NUMBER_OBJECT_CONVERSION = YES_AGGRESSIVE;
				CLANG_CXX_LANGUAGE_STANDARD = "gnu++14";
				CLANG_CXX_LIBRARY = "libc++";
				CLANG_ENABLE_MODULES = YES;
				CLANG_ENABLE_OBJC_ARC = YES;
				CLANG_ENABLE_OBJC_WEAK = YES;
				CLANG_WARN_BLOCK_CAPTURE_AUTORELEASING = YES;
				CLANG_WARN_BOOL_CONVERSION = YES;
				CLANG_WARN_COMMA = YES;
				CLANG_WARN_CONSTANT_CONVERSION = YES;
				CLANG_WARN_DEPRECATED_OBJC_IMPLEMENTATIONS = YES;
				CLANG_WARN_DIRECT_OBJC_ISA_USAGE = YES_ERROR;
				CLANG_WARN_DOCUMENTATION_COMMENTS = YES;
				CLANG_WARN_EMPTY_BODY = YES;
				CLANG_WARN_ENUM_CONVERSION = YES;
				CLANG_WARN_INFINITE_RECURSION = YES;
				CLANG_WARN_INT_CONVERSION = YES;
				CLANG_WARN_NON_LITERAL_NULL_CONVERSION = YES;
				CLANG_WARN_OBJC_IMPLICIT_RETAIN_SELF = YES;
				CLANG_WARN_OBJC_LITERAL_CONVERSION = YES;
				CLANG_WARN_OBJC_ROOT_CLASS = YES_ERROR;
				CLANG_WARN_RANGE_LOOP_ANALYSIS = YES;
				CLANG_WARN_STRICT_PROTOTYPES = YES;
				CLANG_WARN_SUSPICIOUS_MOVE = YES;
				CLANG_WARN_UNGUARDED_AVAILABILITY = YES_AGGRESSIVE;
				CLANG_WARN_UNREACHABLE_CODE = YES;
				CLANG_WARN__DUPLICATE_METHOD_MATCH = YES;
				CODE_SIGN_IDENTITY = "Mac Developer";
				COPY_PHASE_STRIP = NO;
				DEBUG_INFORMATION_FORMAT = dwarf;
				ENABLE_STRICT_OBJC_MSGSEND = YES;
				ENABLE_TESTABILITY = YES;
				GCC_C_LANGUAGE_STANDARD = gnu11;
				GCC_DYNAMIC_NO_PIC = NO;
				GCC_NO_COMMON_BLOCKS = YES;
				GCC_OPTIMIZATION_LEVEL = 0;
				GCC_PREPROCESSOR_DEFINITIONS = (
					"DEBUG=1",
					"$(inherited)",
				);
				GCC_WARN_64_TO_32_BIT_CONVERSION = YES;
				GCC_WARN_ABOUT_RETURN_TYPE = YES_ERROR;
				GCC_WARN_UNDECLARED_SELECTOR = YES;
				GCC_WARN_UNINITIALIZED_AUTOS = YES_AGGRESSIVE;
				GCC_WARN_UNUSED_FUNCTION = YES;
				GCC_WARN_UNUSED_VARIABLE = YES;
				MACOSX_DEPLOYMENT_TARGET = 10.14;
				MTL_ENABLE_DEBUG_INFO = INCLUDE_SOURCE;
				MTL_FAST_MATH = YES;
				ONLY_ACTIVE_ARCH = YES;
				SDKROOT = macosx;
				SWIFT_ACTIVE_COMPILATION_CONDITIONS = DEBUG;
				SWIFT_OPTIMIZATION_LEVEL = "-Onone";
			};
			name = Debug;
		};
		C602403E2303B0FF00807C8B /* Release */ = {
			isa = XCBuildConfiguration;
			buildSettings = {
				ALWAYS_SEARCH_USER_PATHS = NO;
				CLANG_ANALYZER_NONNULL = YES;
				CLANG_ANALYZER_NUMBER_OBJECT_CONVERSION = YES_AGGRESSIVE;
				CLANG_CXX_LANGUAGE_STANDARD = "gnu++14";
				CLANG_CXX_LIBRARY = "libc++";
				CLANG_ENABLE_MODULES = YES;
				CLANG_ENABLE_OBJC_ARC = YES;
				CLANG_ENABLE_OBJC_WEAK = YES;
				CLANG_WARN_BLOCK_CAPTURE_AUTORELEASING = YES;
				CLANG_WARN_BOOL_CONVERSION = YES;
				CLANG_WARN_COMMA = YES;
				CLANG_WARN_CONSTANT_CONVERSION = YES;
				CLANG_WARN_DEPRECATED_OBJC_IMPLEMENTATIONS = YES;
				CLANG_WARN_DIRECT_OBJC_ISA_USAGE = YES_ERROR;
				CLANG_WARN_DOCUMENTATION_COMMENTS = YES;
				CLANG_WARN_EMPTY_BODY = YES;
				CLANG_WARN_ENUM_CONVERSION = YES;
				CLANG_WARN_INFINITE_RECURSION = YES;
				CLANG_WARN_INT_CONVERSION = YES;
				CLANG_WARN_NON_LITERAL_NULL_CONVERSION = YES;
				CLANG_WARN_OBJC_IMPLICIT_RETAIN_SELF = YES;
				CLANG_WARN_OBJC_LITERAL_CONVERSION = YES;
				CLANG_WARN_OBJC_ROOT_CLASS = YES_ERROR;
				CLANG_WARN_RANGE_LOOP_ANALYSIS = YES;
				CLANG_WARN_STRICT_PROTOTYPES = YES;
				CLANG_WARN_SUSPICIOUS_MOVE = YES;
				CLANG_WARN_UNGUARDED_AVAILABILITY = YES_AGGRESSIVE;
				CLANG_WARN_UNREACHABLE_CODE = YES;
				CLANG_WARN__DUPLICATE_METHOD_MATCH = YES;
				CODE_SIGN_IDENTITY = "Mac Developer";
				COPY_PHASE_STRIP = NO;
				DEBUG_INFORMATION_FORMAT = "dwarf-with-dsym";
				ENABLE_NS_ASSERTIONS = NO;
				ENABLE_STRICT_OBJC_MSGSEND = YES;
				GCC_C_LANGUAGE_STANDARD = gnu11;
				GCC_NO_COMMON_BLOCKS = YES;
				GCC_WARN_64_TO_32_BIT_CONVERSION = YES;
				GCC_WARN_ABOUT_RETURN_TYPE = YES_ERROR;
				GCC_WARN_UNDECLARED_SELECTOR = YES;
				GCC_WARN_UNINITIALIZED_AUTOS = YES_AGGRESSIVE;
				GCC_WARN_UNUSED_FUNCTION = YES;
				GCC_WARN_UNUSED_VARIABLE = YES;
				MACOSX_DEPLOYMENT_TARGET = 10.14;
				MTL_ENABLE_DEBUG_INFO = NO;
				MTL_FAST_MATH = YES;
				SDKROOT = macosx;
				SWIFT_COMPILATION_MODE = wholemodule;
				SWIFT_OPTIMIZATION_LEVEL = "-O";
			};
			name = Release;
		};
		C60240402303B0FF00807C8B /* Debug */ = {
			isa = XCBuildConfiguration;
			buildSettings = {
				ASSETCATALOG_COMPILER_APPICON_NAME = AppIcon;
				CODE_SIGN_ENTITLEMENTS = Snake/OtherFiles/Snake.entitlements;
				CODE_SIGN_STYLE = Automatic;
				COMBINE_HIDPI_IMAGES = YES;
				DEVELOPMENT_TEAM = 9QQ2JZFGTQ;
				INFOPLIST_FILE = "$(SRCROOT)/Snake/OtherFiles/Info.plist";
				LD_RUNPATH_SEARCH_PATHS = (
					"$(inherited)",
					"@executable_path/../Frameworks",
				);
				PRODUCT_BUNDLE_IDENTIFIER = com.ricktwohy.Snake;
				PRODUCT_NAME = "$(TARGET_NAME)";
				SWIFT_VERSION = 5.0;
			};
			name = Debug;
		};
		C60240412303B0FF00807C8B /* Release */ = {
			isa = XCBuildConfiguration;
			buildSettings = {
				ASSETCATALOG_COMPILER_APPICON_NAME = AppIcon;
				CODE_SIGN_ENTITLEMENTS = Snake/OtherFiles/Snake.entitlements;
				CODE_SIGN_STYLE = Automatic;
				COMBINE_HIDPI_IMAGES = YES;
				DEVELOPMENT_TEAM = 9QQ2JZFGTQ;
				INFOPLIST_FILE = "$(SRCROOT)/Snake/OtherFiles/Info.plist";
				LD_RUNPATH_SEARCH_PATHS = (
					"$(inherited)",
					"@executable_path/../Frameworks",
				);
				PRODUCT_BUNDLE_IDENTIFIER = com.ricktwohy.Snake;
				PRODUCT_NAME = "$(TARGET_NAME)";
				SWIFT_VERSION = 5.0;
			};
			name = Release;
		};
/* End XCBuildConfiguration section */

/* Begin XCConfigurationList section */
		C60240272303B0FD00807C8B /* Build configuration list for PBXProject "Snake" */ = {
			isa = XCConfigurationList;
			buildConfigurations = (
				C602403D2303B0FF00807C8B /* Debug */,
				C602403E2303B0FF00807C8B /* Release */,
			);
			defaultConfigurationIsVisible = 0;
			defaultConfigurationName = Release;
		};
		C602403F2303B0FF00807C8B /* Build configuration list for PBXNativeTarget "Snake" */ = {
			isa = XCConfigurationList;
			buildConfigurations = (
				C60240402303B0FF00807C8B /* Debug */,
				C60240412303B0FF00807C8B /* Release */,
			);
			defaultConfigurationIsVisible = 0;
			defaultConfigurationName = Release;
		};
/* End XCConfigurationList section */

/* Begin XCVersionGroup section */
		C60240332303B0FD00807C8B /* Snake.xcdatamodeld */ = {
			isa = XCVersionGroup;
			children = (
				C60240342303B0FD00807C8B /* Snake.xcdatamodel */,
			);
			currentVersion = C60240342303B0FD00807C8B /* Snake.xcdatamodel */;
			path = Snake.xcdatamodeld;
			sourceTree = "<group>";
			versionGroupType = wrapper.xcdatamodel;
		};
/* End XCVersionGroup section */
	};
	rootObject = C60240242303B0FD00807C8B /* Project object */;
}
